
Microsoft Visual Studio Solution File, Format Version 12.00
# Visual Studio 2013
VisualStudioVersion = 12.0.40629.0
MinimumVisualStudioVersion = 10.0.40219.1
Project("{8BC9CEB8-8B4A-11D0-8D11-00A0C91BC942}") = "libcaffe", "windows-gpu.vcxproj", "{C140902D-9AB4-4C4E-8684-9077C476CDB7}"
EndProject
Project("{8BC9CEB8-8B4A-11D0-8D11-00A0C91BC942}") = "pycaffe", "pycaffe.vcxproj", "{1C6063C4-947E-474F-B0A9-582D7472768A}"
EndProject
Global
	GlobalSection(SolutionConfigurationPlatforms) = preSolution
		DebugDLL|x64 = DebugDLL|x64
		DPython|x64 = DPython|x64
		DWithProtobuf|x64 = DWithProtobuf|x64
		ReleaseDLL|x64 = ReleaseDLL|x64
		RPython|x64 = RPython|x64
		RPython2.7|x64 = RPython2.7|x64
		RWithOutCUDNN|x64 = RWithOutCUDNN|x64
		RWithProtobuf|x64 = RWithProtobuf|x64
	EndGlobalSection
	GlobalSection(ProjectConfigurationPlatforms) = postSolution
		{C140902D-9AB4-4C4E-8684-9077C476CDB7}.DebugDLL|x64.ActiveCfg = DebugDLL|x64
		{C140902D-9AB4-4C4E-8684-9077C476CDB7}.DebugDLL|x64.Build.0 = DebugDLL|x64
		{C140902D-9AB4-4C4E-8684-9077C476CDB7}.DPython|x64.ActiveCfg = DPython|x64
		{C140902D-9AB4-4C4E-8684-9077C476CDB7}.DPython|x64.Build.0 = DPython|x64
		{C140902D-9AB4-4C4E-8684-9077C476CDB7}.DWithProtobuf|x64.ActiveCfg = DWithProtobuf|x64
		{C140902D-9AB4-4C4E-8684-9077C476CDB7}.DWithProtobuf|x64.Build.0 = DWithProtobuf|x64
		{C140902D-9AB4-4C4E-8684-9077C476CDB7}.ReleaseDLL|x64.ActiveCfg = ReleaseDLL|x64
		{C140902D-9AB4-4C4E-8684-9077C476CDB7}.ReleaseDLL|x64.Build.0 = ReleaseDLL|x64
		{C140902D-9AB4-4C4E-8684-9077C476CDB7}.RPython|x64.ActiveCfg = RPython|x64
		{C140902D-9AB4-4C4E-8684-9077C476CDB7}.RPython|x64.Build.0 = RPython|x64
		{C140902D-9AB4-4C4E-8684-9077C476CDB7}.RPython2.7|x64.ActiveCfg = RPython2.7|x64
		{C140902D-9AB4-4C4E-8684-9077C476CDB7}.RPython2.7|x64.Build.0 = RPython2.7|x64
		{C140902D-9AB4-4C4E-8684-9077C476CDB7}.RWithOutCUDNN|x64.ActiveCfg = RWithOutCUDNN|x64
		{C140902D-9AB4-4C4E-8684-9077C476CDB7}.RWithOutCUDNN|x64.Build.0 = RWithOutCUDNN|x64
		{C140902D-9AB4-4C4E-8684-9077C476CDB7}.RWithProtobuf|x64.ActiveCfg = RWithProtobuf|x64
		{C140902D-9AB4-4C4E-8684-9077C476CDB7}.RWithProtobuf|x64.Build.0 = RWithProtobuf|x64
		{1C6063C4-947E-474F-B0A9-582D7472768A}.DebugDLL|x64.ActiveCfg = DebugDLL|x64
		{1C6063C4-947E-474F-B0A9-582D7472768A}.DebugDLL|x64.Build.0 = DebugDLL|x64
		{1C6063C4-947E-474F-B0A9-582D7472768A}.DPython|x64.ActiveCfg = DPython|x64
		{1C6063C4-947E-474F-B0A9-582D7472768A}.DPython|x64.Build.0 = DPython|x64
		{1C6063C4-947E-474F-B0A9-582D7472768A}.DWithProtobuf|x64.ActiveCfg = DWithProtobuf|x64
		{1C6063C4-947E-474F-B0A9-582D7472768A}.DWithProtobuf|x64.Build.0 = DWithProtobuf|x64
		{1C6063C4-947E-474F-B0A9-582D7472768A}.ReleaseDLL|x64.ActiveCfg = ReleaseDLL|x64
		{1C6063C4-947E-474F-B0A9-582D7472768A}.ReleaseDLL|x64.Build.0 = ReleaseDLL|x64
		{1C6063C4-947E-474F-B0A9-582D7472768A}.RPython|x64.ActiveCfg = RPython|x64
		{1C6063C4-947E-474F-B0A9-582D7472768A}.RPython|x64.Build.0 = RPython|x64
		{1C6063C4-947E-474F-B0A9-582D7472768A}.RPython2.7|x64.ActiveCfg = RPython2.7|x64
		{1C6063C4-947E-474F-B0A9-582D7472768A}.RPython2.7|x64.Build.0 = RPython2.7|x64
		{1C6063C4-947E-474F-B0A9-582D7472768A}.RWithOutCUDNN|x64.ActiveCfg = RWithOutCUDNN|x64
		{1C6063C4-947E-474F-B0A9-582D7472768A}.RWithOutCUDNN|x64.Build.0 = RWithOutCUDNN|x64
		{1C6063C4-947E-474F-B0A9-582D7472768A}.RWithProtobuf|x64.ActiveCfg = RWithProtobuf|x64
		{1C6063C4-947E-474F-B0A9-582D7472768A}.RWithProtobuf|x64.Build.0 = RWithProtobuf|x64
	EndGlobalSection
	GlobalSection(SolutionProperties) = preSolution
		HideSolutionNode = FALSE
	EndGlobalSection
EndGlobal
